# THIS IS AN AUTOGENERATED FILE. DO NOT EDIT THIS FILE DIRECTLY.
# yarn lockfile v1


json-to-csv-export@^1.0.2:
  version "1.1.0"
  resolved "https://registry.yarnpkg.com/json-to-csv-export/-/json-to-csv-export-1.1.0.tgz#ab7cab4dcbd374650ebf2445eb6fcffb13e2936e"
  integrity sha512-vI1wEQ0kghuOqUeraf2kcO1rMMH+qwS8QNaa8pClTHlFj18JiStLT7zD7H1ybE1mqroUO0zM4ly0M21PBt047w==

react-json-to-csv@^1.0.4:
  version "1.0.4"
  resolved "https://registry.yarnpkg.com/react-json-to-csv/-/react-json-to-csv-1.0.4.tgz#42b5fcc44642ef0f1b91f01e528d4fa8745dc3b2"
  integrity sha512-WiLLNrJ3ruyLxPN6HS5kX5EOv5I1Wj3rB2/gS3uzz3gKHTvqUMaTEVIt2lLpvLoHHWRsRy0p629qiTsTN8hemw==
  dependencies:
    json-to-csv-export "^1.0.2"
